{
  "name": "cb-zoo",
  "version": "0.1.0",
  "lockfileVersion": 3,
  "requires": true,
  "packages": {
    "": {
      "name": "cb-zoo",
      "version": "0.1.0",
      "license": "MIT",
      "bin": {
        "cb-zoo": "src/cli.js"
      },
      "engines": {
        "node": ">=18"
      }
    }
  }
}
